Microsoft Visual Studio Solution File, Format Version 11.00
# Visual Studio 2008

Project("{124EF620-76BB-40EB-4E53-CFAB50B93B7E}") = "UMA_AssetStore_Launch", "Assembly-CSharp.csproj", "{6765C786-7C23-F4ED-D5DB-0D5145D474DB}"
EndProject
Project("{124EF620-76BB-40EB-4E53-CFAB50B93B7E}") = "UMA_AssetStore_Launch", "Assembly-CSharp-Editor.csproj", "{81558009-5E83-4E8F-0FB6-657DF5460E66}"
EndProject
Global
	GlobalSection(SolutionConfigurationPlatforms) = preSolution
		Debug|Any CPU = Debug|Any CPU
		Release|Any CPU = Release|Any CPU
	EndGlobalSection
	GlobalSection(ProjectConfigurationPlatforms) = postSolution
		{6765C786-7C23-F4ED-D5DB-0D5145D474DB}.Debug|Any CPU.ActiveCfg = Debug|Any CPU
		{6765C786-7C23-F4ED-D5DB-0D5145D474DB}.Debug|Any CPU.Build.0 = Debug|Any CPU
		{6765C786-7C23-F4ED-D5DB-0D5145D474DB}.Release|Any CPU.ActiveCfg = Release|Any CPU
		{6765C786-7C23-F4ED-D5DB-0D5145D474DB}.Release|Any CPU.Build.0 = Release|Any CPU
		{81558009-5E83-4E8F-0FB6-657DF5460E66}.Debug|Any CPU.ActiveCfg = Debug|Any CPU
		{81558009-5E83-4E8F-0FB6-657DF5460E66}.Debug|Any CPU.Build.0 = Debug|Any CPU
		{81558009-5E83-4E8F-0FB6-657DF5460E66}.Release|Any CPU.ActiveCfg = Release|Any CPU
		{81558009-5E83-4E8F-0FB6-657DF5460E66}.Release|Any CPU.Build.0 = Release|Any CPU
	EndGlobalSection
	GlobalSection(SolutionProperties) = preSolution
		HideSolutionNode = FALSE
	EndGlobalSection
															GlobalSection(MonoDevelopProperties) = preSolution
		StartupItem = Assembly-CSharp.csproj
		Policies = $0
		$0.TextStylePolicy = $1
		$1.inheritsSet = null
		$1.scope = text/x-csharp
		$0.CSharpFormattingPolicy = $2
		$2.inheritsSet = Mono
		$2.inheritsScope = text/x-csharp
		$2.scope = text/x-csharp
		$0.TextStylePolicy = $3
		$3.FileWidth = 120
		$3.TabWidth = 4
		$3.EolMarker = Unix
		$3.inheritsSet = Mono
		$3.inheritsScope = text/plain
		$3.scope = text/plain
	EndGlobalSection

EndGlobal
